
Microsoft Visual Studio Solution File, Format Version 12.00
# Visual Studio Version 16
VisualStudioVersion = 16.0.28922.388
MinimumVisualStudioVersion = 10.0.40219.1
Project("{9A19103F-16F7-4668-BE54-9A1E7A4F7556}") = "hellowVS", "hellowVS\hellowVS.csproj", "{B1105FA6-5D87-454F-9CCB-210424792F50}"
EndProject
Project("{9A19103F-16F7-4668-BE54-9A1E7A4F7556}") = "CmdLineSample", "CmdLineSample\CmdLineSample.csproj", "{0559709A-A56F-4B6E-8B41-9C97FBB988F0}"
EndProject
Project("{9A19103F-16F7-4668-BE54-9A1E7A4F7556}") = "JsonCmd", "JsonCmd\JsonCmd.csproj", "{A67DA156-380C-4B10-892F-98BDBC72DD5E}"
EndProject
Project("{9A19103F-16F7-4668-BE54-9A1E7A4F7556}") = "OptionSample", "OptionSample\OptionSample.csproj", "{0D1DC966-2BCA-4CE6-A390-C8113C9BCEA7}"
EndProject
Project("{9A19103F-16F7-4668-BE54-9A1E7A4F7556}") = "MvcCookieSample", "MvcCookieSample\MvcCookieSample.csproj", "{14D57C27-CDDC-4516-AA6A-9064F4A416D3}"
EndProject
Project("{9A19103F-16F7-4668-BE54-9A1E7A4F7556}") = "IndentitySample", "IndentitySample\IndentitySample.csproj", "{AD1585F5-CE31-4307-B45B-FAAD503CC016}"
EndProject
Global
	GlobalSection(SolutionConfigurationPlatforms) = preSolution
		Debug|Any CPU = Debug|Any CPU
		Release|Any CPU = Release|Any CPU
	EndGlobalSection
	GlobalSection(ProjectConfigurationPlatforms) = postSolution
		{B1105FA6-5D87-454F-9CCB-210424792F50}.Debug|Any CPU.ActiveCfg = Debug|Any CPU
		{B1105FA6-5D87-454F-9CCB-210424792F50}.Debug|Any CPU.Build.0 = Debug|Any CPU
		{B1105FA6-5D87-454F-9CCB-210424792F50}.Release|Any CPU.ActiveCfg = Release|Any CPU
		{B1105FA6-5D87-454F-9CCB-210424792F50}.Release|Any CPU.Build.0 = Release|Any CPU
		{0559709A-A56F-4B6E-8B41-9C97FBB988F0}.Debug|Any CPU.ActiveCfg = Debug|Any CPU
		{0559709A-A56F-4B6E-8B41-9C97FBB988F0}.Debug|Any CPU.Build.0 = Debug|Any CPU
		{0559709A-A56F-4B6E-8B41-9C97FBB988F0}.Release|Any CPU.ActiveCfg = Release|Any CPU
		{0559709A-A56F-4B6E-8B41-9C97FBB988F0}.Release|Any CPU.Build.0 = Release|Any CPU
		{A67DA156-380C-4B10-892F-98BDBC72DD5E}.Debug|Any CPU.ActiveCfg = Debug|Any CPU
		{A67DA156-380C-4B10-892F-98BDBC72DD5E}.Debug|Any CPU.Build.0 = Debug|Any CPU
		{A67DA156-380C-4B10-892F-98BDBC72DD5E}.Release|Any CPU.ActiveCfg = Release|Any CPU
		{A67DA156-380C-4B10-892F-98BDBC72DD5E}.Release|Any CPU.Build.0 = Release|Any CPU
		{0D1DC966-2BCA-4CE6-A390-C8113C9BCEA7}.Debug|Any CPU.ActiveCfg = Debug|Any CPU
		{0D1DC966-2BCA-4CE6-A390-C8113C9BCEA7}.Debug|Any CPU.Build.0 = Debug|Any CPU
		{0D1DC966-2BCA-4CE6-A390-C8113C9BCEA7}.Release|Any CPU.ActiveCfg = Release|Any CPU
		{0D1DC966-2BCA-4CE6-A390-C8113C9BCEA7}.Release|Any CPU.Build.0 = Release|Any CPU
		{14D57C27-CDDC-4516-AA6A-9064F4A416D3}.Debug|Any CPU.ActiveCfg = Debug|Any CPU
		{14D57C27-CDDC-4516-AA6A-9064F4A416D3}.Debug|Any CPU.Build.0 = Debug|Any CPU
		{14D57C27-CDDC-4516-AA6A-9064F4A416D3}.Release|Any CPU.ActiveCfg = Release|Any CPU
		{14D57C27-CDDC-4516-AA6A-9064F4A416D3}.Release|Any CPU.Build.0 = Release|Any CPU
		{AD1585F5-CE31-4307-B45B-FAAD503CC016}.Debug|Any CPU.ActiveCfg = Debug|Any CPU
		{AD1585F5-CE31-4307-B45B-FAAD503CC016}.Debug|Any CPU.Build.0 = Debug|Any CPU
		{AD1585F5-CE31-4307-B45B-FAAD503CC016}.Release|Any CPU.ActiveCfg = Release|Any CPU
		{AD1585F5-CE31-4307-B45B-FAAD503CC016}.Release|Any CPU.Build.0 = Release|Any CPU
	EndGlobalSection
	GlobalSection(SolutionProperties) = preSolution
		HideSolutionNode = FALSE
	EndGlobalSection
	GlobalSection(ExtensibilityGlobals) = postSolution
		SolutionGuid = {189F04EC-187B-4570-863B-65834BF6DC4D}
	EndGlobalSection
EndGlobal
