
Microsoft Visual Studio Solution File, Format Version 12.00
# Visual Studio Version 16
VisualStudioVersion = 16.0.29418.71
MinimumVisualStudioVersion = 10.0.40219.1
Project("{9A19103F-16F7-4668-BE54-9A1E7A4F7556}") = "DataMigrate", "Migration\DataMigrate.csproj", "{4E7FEA37-0CE2-423F-A713-2989B1F32BC3}"
EndProject
Project("{FAE04EC0-301F-11D3-BF4B-00C04F79EFBC}") = "Tuple", "Tuple\Tuple.csproj", "{076A119D-7E3C-45DC-8CCC-55E8D8F2BFCE}"
EndProject
Project("{FAE04EC0-301F-11D3-BF4B-00C04F79EFBC}") = "MultiDataMigrate", "MultiDataMigrate\MultiDataMigrate.csproj", "{E2E8991B-3B68-41B1-A006-6A89DB1215C2}"
EndProject
Project("{FAE04EC0-301F-11D3-BF4B-00C04F79EFBC}") = "MultiDataMigrate.Data", "MultiDataMigrate.Data\MultiDataMigrate.Data.csproj", "{2DAE23D6-55F5-4F9C-AF82-86855516DF52}"
EndProject
Global
	GlobalSection(SolutionConfigurationPlatforms) = preSolution
		Debug|Any CPU = Debug|Any CPU
		Release|Any CPU = Release|Any CPU
	EndGlobalSection
	GlobalSection(ProjectConfigurationPlatforms) = postSolution
		{4E7FEA37-0CE2-423F-A713-2989B1F32BC3}.Debug|Any CPU.ActiveCfg = Debug|Any CPU
		{4E7FEA37-0CE2-423F-A713-2989B1F32BC3}.Debug|Any CPU.Build.0 = Debug|Any CPU
		{4E7FEA37-0CE2-423F-A713-2989B1F32BC3}.Release|Any CPU.ActiveCfg = Release|Any CPU
		{4E7FEA37-0CE2-423F-A713-2989B1F32BC3}.Release|Any CPU.Build.0 = Release|Any CPU
		{076A119D-7E3C-45DC-8CCC-55E8D8F2BFCE}.Debug|Any CPU.ActiveCfg = Debug|Any CPU
		{076A119D-7E3C-45DC-8CCC-55E8D8F2BFCE}.Debug|Any CPU.Build.0 = Debug|Any CPU
		{076A119D-7E3C-45DC-8CCC-55E8D8F2BFCE}.Release|Any CPU.ActiveCfg = Release|Any CPU
		{076A119D-7E3C-45DC-8CCC-55E8D8F2BFCE}.Release|Any CPU.Build.0 = Release|Any CPU
		{E2E8991B-3B68-41B1-A006-6A89DB1215C2}.Debug|Any CPU.ActiveCfg = Debug|Any CPU
		{E2E8991B-3B68-41B1-A006-6A89DB1215C2}.Debug|Any CPU.Build.0 = Debug|Any CPU
		{E2E8991B-3B68-41B1-A006-6A89DB1215C2}.Release|Any CPU.ActiveCfg = Release|Any CPU
		{E2E8991B-3B68-41B1-A006-6A89DB1215C2}.Release|Any CPU.Build.0 = Release|Any CPU
		{2DAE23D6-55F5-4F9C-AF82-86855516DF52}.Debug|Any CPU.ActiveCfg = Debug|Any CPU
		{2DAE23D6-55F5-4F9C-AF82-86855516DF52}.Debug|Any CPU.Build.0 = Debug|Any CPU
		{2DAE23D6-55F5-4F9C-AF82-86855516DF52}.Release|Any CPU.ActiveCfg = Release|Any CPU
		{2DAE23D6-55F5-4F9C-AF82-86855516DF52}.Release|Any CPU.Build.0 = Release|Any CPU
	EndGlobalSection
	GlobalSection(SolutionProperties) = preSolution
		HideSolutionNode = FALSE
	EndGlobalSection
	GlobalSection(ExtensibilityGlobals) = postSolution
		SolutionGuid = {27F20D6F-40CD-41E8-8D72-BCE59A7C5EA8}
	EndGlobalSection
EndGlobal
