
Microsoft Visual Studio Solution File, Format Version 12.00
# Visual Studio Version 16
VisualStudioVersion = 16.0.28922.388
MinimumVisualStudioVersion = 10.0.40219.1
Project("{9A19103F-16F7-4668-BE54-9A1E7A4F7556}") = "BasicDataApi", "BasicDataApi\BasicDataApi.csproj", "{92FC7073-226D-42E8-82E6-D92258E4F7F1}"
EndProject
Project("{9A19103F-16F7-4668-BE54-9A1E7A4F7556}") = "UserApi", "UserApi\UserApi.csproj", "{C0B41A36-F43E-4C55-BB8C-644FEF66FCB7}"
EndProject
Project("{FAE04EC0-301F-11D3-BF4B-00C04F79EFBC}") = "ApiGateway", "ApiGateway\ApiGateway.csproj", "{4A8F008D-AF66-459B-91B1-0155C7A0CA97}"
EndProject
Global
	GlobalSection(SolutionConfigurationPlatforms) = preSolution
		Debug|Any CPU = Debug|Any CPU
		Release|Any CPU = Release|Any CPU
	EndGlobalSection
	GlobalSection(ProjectConfigurationPlatforms) = postSolution
		{92FC7073-226D-42E8-82E6-D92258E4F7F1}.Debug|Any CPU.ActiveCfg = Debug|Any CPU
		{92FC7073-226D-42E8-82E6-D92258E4F7F1}.Debug|Any CPU.Build.0 = Debug|Any CPU
		{92FC7073-226D-42E8-82E6-D92258E4F7F1}.Release|Any CPU.ActiveCfg = Release|Any CPU
		{92FC7073-226D-42E8-82E6-D92258E4F7F1}.Release|Any CPU.Build.0 = Release|Any CPU
		{C0B41A36-F43E-4C55-BB8C-644FEF66FCB7}.Debug|Any CPU.ActiveCfg = Debug|Any CPU
		{C0B41A36-F43E-4C55-BB8C-644FEF66FCB7}.Debug|Any CPU.Build.0 = Debug|Any CPU
		{C0B41A36-F43E-4C55-BB8C-644FEF66FCB7}.Release|Any CPU.ActiveCfg = Release|Any CPU
		{C0B41A36-F43E-4C55-BB8C-644FEF66FCB7}.Release|Any CPU.Build.0 = Release|Any CPU
		{4A8F008D-AF66-459B-91B1-0155C7A0CA97}.Debug|Any CPU.ActiveCfg = Debug|Any CPU
		{4A8F008D-AF66-459B-91B1-0155C7A0CA97}.Debug|Any CPU.Build.0 = Debug|Any CPU
		{4A8F008D-AF66-459B-91B1-0155C7A0CA97}.Release|Any CPU.ActiveCfg = Release|Any CPU
		{4A8F008D-AF66-459B-91B1-0155C7A0CA97}.Release|Any CPU.Build.0 = Release|Any CPU
	EndGlobalSection
	GlobalSection(SolutionProperties) = preSolution
		HideSolutionNode = FALSE
	EndGlobalSection
	GlobalSection(ExtensibilityGlobals) = postSolution
		SolutionGuid = {44A35592-324A-47CC-B998-12369646A0BD}
	EndGlobalSection
EndGlobal
